uuid: 6318db76-4da6-4cfc-98e4-43e61c7f657c
langcode: en
status: true
dependencies:
  module:
    - facets_block
    - system
  theme:
    - materialize
id: facetsblock
theme: materialize
region: left
weight: 0
provider: null
plugin: facets_block
settings:
  id: facets_block
  label: 'Play Filters'
  provider: facets_block
  label_display: visible
  show_title: true
  exclude_empty_facets: true
  facets_to_include:
    'facet_block:unit': 'facet_block:unit'
    'facet_block:formation': 'facet_block:formation'
    'facet_block:personnel': 'facet_block:personnel'
    'facet_block:play_type': 'facet_block:play_type'
    'facet_block:pre_snap_movement': 'facet_block:pre_snap_movement'
    'facet_block:td_scored': 'facet_block:td_scored'
    'facet_block:season': '0'
    'facet_block:week': '0'
    'facet_block:opponent': '0'
visibility:
  request_path:
    id: request_path
    pages: /search
    negate: false
